
Microsoft Visual Studio Solution File, Format Version 12.00
# Visual Studio 15
VisualStudioVersion = 15.0.28307.1585
MinimumVisualStudioVersion = 10.0.40219.1
Project("{FAE04EC0-301F-11D3-BF4B-00C04F79EFBC}") = "BootstrapCourseNetFramework", "BootstrapCourseNetFramework\BootstrapCourseNetFramework.csproj", "{C56E915E-5FD9-4B80-8994-76C2427762A1}"
EndProject
Global
	GlobalSection(SolutionConfigurationPlatforms) = preSolution
		Debug|Any CPU = Debug|Any CPU
		Release|Any CPU = Release|Any CPU
	EndGlobalSection
	GlobalSection(ProjectConfigurationPlatforms) = postSolution
		{C56E915E-5FD9-4B80-8994-76C2427762A1}.Debug|Any CPU.ActiveCfg = Debug|Any CPU
		{C56E915E-5FD9-4B80-8994-76C2427762A1}.Debug|Any CPU.Build.0 = Debug|Any CPU
		{C56E915E-5FD9-4B80-8994-76C2427762A1}.Release|Any CPU.ActiveCfg = Release|Any CPU
		{C56E915E-5FD9-4B80-8994-76C2427762A1}.Release|Any CPU.Build.0 = Release|Any CPU
	EndGlobalSection
	GlobalSection(SolutionProperties) = preSolution
		HideSolutionNode = FALSE
	EndGlobalSection
	GlobalSection(ExtensibilityGlobals) = postSolution
		SolutionGuid = {31BD88E2-ACE7-40EC-B0EB-28251D5893B4}
	EndGlobalSection
EndGlobal
